%{"base64url": {:hex, :base64url, "0.0.1", "36a90125f5948e3afd7be97662a1504b934dd5dac78451ca6e9abf85a10286be", [:rebar], []},
  "certifi": {:hex, :certifi, "0.3.0", "389d4b126a47895fe96d65fcf8681f4d09eca1153dc2243ed6babad0aac1e763", [:rebar3], []},
  "connection": {:hex, :connection, "1.0.2", "f4a06dd3ecae4141aa66f94ce92ea4c4b8753069472814932f1cadbc3078ab80", [:mix], []},
  "cowboy": {:hex, :cowboy, "1.0.4", "a324a8df9f2316c833a470d918aaf73ae894278b8aa6226ce7a9bf699388f878", [:rebar, :make], [{:cowlib, "~> 1.0.0", [hex: :cowlib, optional: false]}, {:ranch, "~> 1.0", [hex: :ranch, optional: false]}]},
  "cowlib": {:hex, :cowlib, "1.0.2", "9d769a1d062c9c3ac753096f868ca121e2730b9a377de23dec0f7e08b1df84ee", [:make], []},
  "decimal": {:hex, :decimal, "1.1.1", "a8ff5b673105e6cdaca96f799aeefc6f07142881b616c65db16e14e556b16e76", [:mix], []},
  "ecto": {:hex, :ecto, "1.1.1", "9432c1f7da8d91ffb7ee1ac7f8a7b55c893a227553e5ed7f4d59e0423d48e551", [:mix], [{:sbroker, "~> 0.7", [hex: :sbroker, optional: true]}, {:postgrex, "~> 0.10", [hex: :postgrex, optional: true]}, {:poolboy, "~> 1.4", [hex: :poolboy, optional: false]}, {:poison, "~> 1.0", [hex: :poison, optional: true]}, {:mariaex, "~> 0.5", [hex: :mariaex, optional: true]}, {:decimal, "~> 1.0", [hex: :decimal, optional: false]}]},
  "ecto_enum": {:hex, :ecto_enum, "0.3.0", "9e458c4cf21e530510e0dbe4e8a188e36981b1fa09212897949ca74dcc135ceb", [:mix], [{:postgrex, ">= 0.8.3", [hex: :postgrex, optional: true]}, {:mariaex, ">= 0.3.0", [hex: :mariaex, optional: true]}, {:ecto, ">= 0.13.1", [hex: :ecto, optional: false]}]},
  "facebook": {:hex, :facebook, "0.9.0", "ae5c933ded94064c06103d5c9fd6e11c9f4e3227e5cc0cd1397c8340072c45fd", [:mix], [{:libex_config, ">= 0.1.0", [hex: :libex_config, optional: false]}, {:json, ">= 0.3.3", [hex: :json, optional: false]}, {:hackney, "~> 1.0", [hex: :hackney, optional: false]}]},
  "fs": {:hex, :fs, "0.9.2", "ed17036c26c3f70ac49781ed9220a50c36775c6ca2cf8182d123b6566e49ec59", [:rebar], []},
  "geo": {:hex, :geo, "1.0.0", "fdaee908436e65c936436185de4bbe945c1cd5cdd8f49f3ccbda962b175f9e78", [:mix], [{:postgrex, "~> 0.9", [hex: :postgrex, optional: true]}, {:poison, "~> 1.0", [hex: :poison, optional: true]}, {:ecto, "~> 1.0", [hex: :ecto, optional: true]}]},
  "gettext": {:hex, :gettext, "0.9.0", "b732430dce0cbb3e370d89cdf6a7dbe48647a708f92754262601b62a0eb47e6f", [:mix], []},
  "goth": {:hex, :goth, "0.0.3", "48bf28a13939831aa7a9f0d47dacfc4b690011ea9efe3bca2bfcceaefbde6407", [:mix], [{:poison, "~> 1.5.2", [hex: :poison, optional: false]}, {:json_web_token, "~> 0.2.4", [hex: :json_web_token, optional: false]}, {:httpoison, "~> 0.8.0", [hex: :httpoison, optional: false]}]},
  "guardian": {:hex, :guardian, "0.9.0", "6ff41c160ce7029cfdb041d17ebb2d5d5cdcfac84a25f4408e0e43b59fd93116", [:mix], [{:uuid, ">=1.1.1", [hex: :uuid, optional: false]}, {:poison, "~> 1.5", [hex: :poison, optional: false]}, {:plug, "~> 1.0", [hex: :plug, optional: false]}, {:jose, "~> 1.4", [hex: :jose, optional: false]}]},
  "hackney": {:hex, :hackney, "1.4.8", "c8c6977ed55cc5095e3929f6d94a6f732dd2e31ae42a7b9236d5574ec3f5be13", [:rebar3], [{:ssl_verify_hostname, "1.0.5", [hex: :ssl_verify_hostname, optional: false]}, {:mimerl, "1.0.2", [hex: :mimerl, optional: false]}, {:idna, "1.0.3", [hex: :idna, optional: false]}, {:certifi, "0.3.0", [hex: :certifi, optional: false]}]},
  "httpoison": {:hex, :httpoison, "0.8.0", "52a958d40b2aa46da418cdf6d8dfd82ba83e94d5e60920dfa5f40c05b34fe073", [:mix], [{:hackney, "~> 1.4.4", [hex: :hackney, optional: false]}]},
  "idna": {:hex, :idna, "1.0.3", "d456a8761cad91c97e9788c27002eb3b773adaf5c893275fc35ba4e3434bbd9b", [:rebar3], []},
  "jose": {:hex, :jose, "1.4.2", "432e2477417367b27a04471941a66717397f422dcc5f03ad239f5cdb61db4c14", [:mix, :rebar], [{:base64url, "~> 0.0.1", [hex: :base64url, optional: false]}]},
  "json": {:hex, :json, "0.3.3", "373eb4f7321f898ad6772999f30daf65f9f38e1d3dd4d798d7a82d3b123fe1d3", [:mix], []},
  "json_web_token": {:hex, :json_web_token, "0.2.4", "3733e270ab672f346dcdb38be7e4f001cbe9627c64031579f32550c39ada3040", [:mix], [{:poison, "~> 1.5.2", [hex: :poison, optional: false]}]},
  "libex_config": {:hex, :libex_config, "0.2.0", "647503cb43b9044d9d21a62f072641f1a092fb4154162dae0174d0f9deab921f", [:mix], []},
  "mimerl": {:hex, :mimerl, "1.0.2", "993f9b0e084083405ed8252b99460c4f0563e41729ab42d9074fd5e52439be88", [:rebar3], []},
  "mimetype_parser": {:hex, :mimetype_parser, "0.1.0", "069fcf6aa98b1eb90d879b3035f3392acecef1ee212ddc59fa930a6cc15d85e3", [:mix], []},
  "oauth": {:git, "https://github.com/tim/erlang-oauth.git", "cd31addc828179983564fd57738f1680a4a4d1ff", []},
  "oauth2": {:hex, :oauth2, "0.5.0", "bb46ad20f060540c2726c993b4661a9f89b7acec5568ceae7009560358fbc765", [:mix], [{:poison, "~> 1.3", [hex: :poison, optional: false]}, {:mimetype_parser, "~> 0.1", [hex: :mimetype_parser, optional: false]}, {:httpoison, "~> 0.7", [hex: :httpoison, optional: false]}]},
  "phoenix": {:hex, :phoenix, "1.1.2", "6b6c60d99bf2b520be4433780b97a995b56505b726a908b1a3516dcb347cbe7d", [:mix], [{:poison, "~> 1.3", [hex: :poison, optional: false]}, {:plug, "~> 1.0", [hex: :plug, optional: false]}, {:cowboy, "~> 1.0", [hex: :cowboy, optional: true]}]},
  "phoenix_ecto": {:hex, :phoenix_ecto, "2.0.0", "1edf59dda1c4d8233f581f86a6778814f0f1bc98fdc484f4a9fd145cc060aa0c", [:mix], [{:poison, "~> 1.3", [hex: :poison, optional: true]}, {:phoenix_html, "~> 2.2", [hex: :phoenix_html, optional: true]}, {:ecto, "~> 1.1", [hex: :ecto, optional: false]}]},
  "phoenix_html": {:hex, :phoenix_html, "2.3.1", "3769ee8de538c9e278968a097d361c114a7992fa14a1d0e848c868039887c96b", [:mix], [{:plug, "~> 0.13 or ~> 1.0", [hex: :plug, optional: false]}]},
  "phoenix_live_reload": {:hex, :phoenix_live_reload, "1.0.3", "262ed58c69174ae4f081725e03a072d0b48e6100248c0cbcd5df5e5fd4b212b6", [:mix], [{:phoenix, "~> 0.16 or ~> 1.0", [hex: :phoenix, optional: false]}, {:fs, "~> 0.9.1", [hex: :fs, optional: false]}]},
  "plug": {:hex, :plug, "1.1.0", "69078a481549b81e879e169fbe099a509baf8d6a793db757f39f86258f91db07", [:mix], [{:cowboy, "~> 1.0", [hex: :cowboy, optional: true]}]},
  "poison": {:hex, :poison, "1.5.2", "560bdfb7449e3ddd23a096929fb9fc2122f709bcc758b2d5d5a5c7d0ea848910", [:mix], []},
  "poolboy": {:hex, :poolboy, "1.5.1", "6b46163901cfd0a1b43d692657ed9d7e599853b3b21b95ae5ae0a777cf9b6ca8", [:rebar], []},
  "postgrex": {:hex, :postgrex, "0.10.0", "98cf581bbb921d696db261d1a9e1740252714dbea1f9224d3291d58f2d88ea82", [:mix], [{:decimal, "~> 1.0", [hex: :decimal, optional: false]}, {:connection, "~> 1.0", [hex: :connection, optional: false]}]},
  "ranch": {:hex, :ranch, "1.2.0", "b286a948a0706a700a9f577e5cecbb2dc66097ea79f3ddb20ba5536069bdb7aa", [:make], []},
  "ssl_verify_hostname": {:hex, :ssl_verify_hostname, "1.0.5", "2e73e068cd6393526f9fa6d399353d7c9477d6886ba005f323b592d389fb47be", [:make], []},
  "ueberauth": {:hex, :ueberauth, "0.2.0", "9160c601b468c6692462a56be7ad8890d1a2d84519d7d9c4541da5b07d6495e1", [:mix], [{:plug, "~> 1.0", [hex: :plug, optional: false]}]},
  "ueberauth_facebook": {:hex, :ueberauth_facebook, "0.2.1", "4c6726b7dec67f266f11ae20384b2d5fc1579e7573a32002b607a70399896266", [:mix], [{:ueberauth, "~> 0.2", [hex: :ueberauth, optional: false]}, {:oauth2, "~> 0.5", [hex: :oauth2, optional: false]}]},
  "ueberauth_google": {:hex, :ueberauth_google, "0.2.0", "c6fdef7f94e49e8c0b64ccc0dd58eb44e85f3d890cf6495fbd432e3503404775", [:mix], [{:ueberauth, "~> 0.2", [hex: :ueberauth, optional: false]}, {:oauth2, "~> 0.5", [hex: :oauth2, optional: false]}]},
  "ueberauth_identity": {:hex, :ueberauth_identity, "0.2.1", "9634ce7cf4ca70aa95854f87700c9e8c869e52313eb09fa088a0ae835d33662a", [:mix], [{:ueberauth, "~> 0.2", [hex: :ueberauth, optional: false]}, {:poison, "~> 1.5", [hex: :poison, optional: false]}, {:plug, "~> 1.0", [hex: :plug, optional: false]}]},
  "ueberauth_twitter": {:hex, :ueberauth_twitter, "0.2.2", "c8c6b7ba2869d5dc31636473137ade067ea890e2e422974568a2daabf914ae6e", [:mix], [{:ueberauth, "~> 0.2", [hex: :ueberauth, optional: false]}, {:httpoison, "~> 0.7", [hex: :httpoison, optional: false]}]},
  "uuid": {:hex, :uuid, "1.1.2", "add3d0a6324ac2e3974855822ddf1cd4e270d8c136a75bcb71332bd4956b0563", [:mix], []}}
